// !$*UTF8*$!
{
	archiveVersion = 1;
	classes = {
	};
	objectVersion = 55;
	objects = {

/* Begin PBXBuildFile section */
		DC55650428CB7C020093384F /* PDF_TestApp.swift in Sources */ = {isa = PBXBuildFile; fileRef = DC55650328CB7C020093384F /* PDF_TestApp.swift */; };
		DC55650628CB7C020093384F /* ContentView.swift in Sources */ = {isa = PBXBuildFile; fileRef = DC55650528CB7C020093384F /* ContentView.swift */; };
		DC55650828CB7C040093384F /* Assets.xcassets in Resources */ = {isa = PBXBuildFile; fileRef = DC55650728CB7C040093384F /* Assets.xcassets */; };
		DC55650B28CB7C040093384F /* Preview Assets.xcassets in Resources */ = {isa = PBXBuildFile; fileRef = DC55650A28CB7C040093384F /* Preview Assets.xcassets */; };
		DC55651228CB7C440093384F /* Renderer.swift in Sources */ = {isa = PBXBuildFile; fileRef = DC55651128CB7C440093384F /* Renderer.swift */; };
		DC55651A28CBBEDD0093384F /* PDF_Test__macOS_App.swift in Sources */ = {isa = PBXBuildFile; fileRef = DC55651928CBBEDD0093384F /* PDF_Test__macOS_App.swift */; };
		DC55651E28CBBEDD0093384F /* Assets.xcassets in Resources */ = {isa = PBXBuildFile; fileRef = DC55651D28CBBEDD0093384F /* Assets.xcassets */; };
		DC55652128CBBEDD0093384F /* Preview Assets.xcassets in Resources */ = {isa = PBXBuildFile; fileRef = DC55652028CBBEDD0093384F /* Preview Assets.xcassets */; };
		DC55652728CBBF020093384F /* ContentView.swift in Sources */ = {isa = PBXBuildFile; fileRef = DC55650528CB7C020093384F /* ContentView.swift */; };
		DC55652828CBBF050093384F /* Renderer.swift in Sources */ = {isa = PBXBuildFile; fileRef = DC55651128CB7C440093384F /* Renderer.swift */; };
/* End PBXBuildFile section */

/* Begin PBXFileReference section */
		DC55650028CB7C020093384F /* PDF Test.app */ = {isa = PBXFileReference; explicitFileType = wrapper.application; includeInIndex = 0; path = "PDF Test.app"; sourceTree = BUILT_PRODUCTS_DIR; };
		DC55650328CB7C020093384F /* PDF_TestApp.swift */ = {isa = PBXFileReference; lastKnownFileType = sourcecode.swift; path = PDF_TestApp.swift; sourceTree = "<group>"; };
		DC55650528CB7C020093384F /* ContentView.swift */ = {isa = PBXFileReference; lastKnownFileType = sourcecode.swift; path = ContentView.swift; sourceTree = "<group>"; };
		DC55650728CB7C040093384F /* Assets.xcassets */ = {isa = PBXFileReference; lastKnownFileType = folder.assetcatalog; path = Assets.xcassets; sourceTree = "<group>"; };
		DC55650A28CB7C040093384F /* Preview Assets.xcassets */ = {isa = PBXFileReference; lastKnownFileType = folder.assetcatalog; path = "Preview Assets.xcassets"; sourceTree = "<group>"; };
		DC55651128CB7C440093384F /* Renderer.swift */ = {isa = PBXFileReference; lastKnownFileType = sourcecode.swift; path = Renderer.swift; sourceTree = "<group>"; };
		DC55651728CBBEDD0093384F /* PDF Test (macOS).app */ = {isa = PBXFileReference; explicitFileType = wrapper.application; includeInIndex = 0; path = "PDF Test (macOS).app"; sourceTree = BUILT_PRODUCTS_DIR; };
		DC55651928CBBEDD0093384F /* PDF_Test__macOS_App.swift */ = {isa = PBXFileReference; lastKnownFileType = sourcecode.swift; path = PDF_Test__macOS_App.swift; sourceTree = "<group>"; };
		DC55651D28CBBEDD0093384F /* Assets.xcassets */ = {isa = PBXFileReference; lastKnownFileType = folder.assetcatalog; path = Assets.xcassets; sourceTree = "<group>"; };
		DC55652028CBBEDD0093384F /* Preview Assets.xcassets */ = {isa = PBXFileReference; lastKnownFileType = folder.assetcatalog; path = "Preview Assets.xcassets"; sourceTree = "<group>"; };
		DC55652228CBBEDD0093384F /* PDF_Test__macOS_.entitlements */ = {isa = PBXFileReference; lastKnownFileType = text.plist.entitlements; path = PDF_Test__macOS_.entitlements; sourceTree = "<group>"; };
/* End PBXFileReference section */

/* Begin PBXFrameworksBuildPhase section */
		DC5564FD28CB7C020093384F /* Frameworks */ = {
			isa = PBXFrameworksBuildPhase;
			buildActionMask = 2147483647;
			files = (
			);
			runOnlyForDeploymentPostprocessing = 0;
		};
		DC55651428CBBEDD0093384F /* Frameworks */ = {
			isa = PBXFrameworksBuildPhase;
			buildActionMask = 2147483647;
			files = (
			);
			runOnlyForDeploymentPostprocessing = 0;
		};
/* End PBXFrameworksBuildPhase section */

/* Begin PBXGroup section */
		DC5564F728CB7C020093384F = {
			isa = PBXGroup;
			children = (
				DC55652628CBBEE30093384F /* Common */,
				DC55650228CB7C020093384F /* PDF Test */,
				DC55651828CBBEDD0093384F /* PDF Test (macOS) */,
				DC55650128CB7C020093384F /* Products */,
			);
			sourceTree = "<group>";
		};
		DC55650128CB7C020093384F /* Products */ = {
			isa = PBXGroup;
			children = (
				DC55650028CB7C020093384F /* PDF Test.app */,
				DC55651728CBBEDD0093384F /* PDF Test (macOS).app */,
			);
			name = Products;
			sourceTree = "<group>";
		};
		DC55650228CB7C020093384F /* PDF Test */ = {
			isa = PBXGroup;
			children = (
				DC55650728CB7C040093384F /* Assets.xcassets */,
				DC55650328CB7C020093384F /* PDF_TestApp.swift */,
				DC55650928CB7C040093384F /* Preview Content */,
			);
			path = "PDF Test";
			sourceTree = "<group>";
		};
		DC55650928CB7C040093384F /* Preview Content */ = {
			isa = PBXGroup;
			children = (
				DC55650A28CB7C040093384F /* Preview Assets.xcassets */,
			);
			path = "Preview Content";
			sourceTree = "<group>";
		};
		DC55651828CBBEDD0093384F /* PDF Test (macOS) */ = {
			isa = PBXGroup;
			children = (
				DC55651D28CBBEDD0093384F /* Assets.xcassets */,
				DC55652228CBBEDD0093384F /* PDF_Test__macOS_.entitlements */,
				DC55651928CBBEDD0093384F /* PDF_Test__macOS_App.swift */,
				DC55651F28CBBEDD0093384F /* Preview Content */,
			);
			path = "PDF Test (macOS)";
			sourceTree = "<group>";
		};
		DC55651F28CBBEDD0093384F /* Preview Content */ = {
			isa = PBXGroup;
			children = (
				DC55652028CBBEDD0093384F /* Preview Assets.xcassets */,
			);
			path = "Preview Content";
			sourceTree = "<group>";
		};
		DC55652628CBBEE30093384F /* Common */ = {
			isa = PBXGroup;
			children = (
				DC55650528CB7C020093384F /* ContentView.swift */,
				DC55651128CB7C440093384F /* Renderer.swift */,
			);
			path = Common;
			sourceTree = "<group>";
		};
/* End PBXGroup section */

/* Begin PBXNativeTarget section */
		DC5564FF28CB7C020093384F /* PDF Test */ = {
			isa = PBXNativeTarget;
			buildConfigurationList = DC55650E28CB7C040093384F /* Build configuration list for PBXNativeTarget "PDF Test" */;
			buildPhases = (
				DC5564FC28CB7C020093384F /* Sources */,
				DC5564FD28CB7C020093384F /* Frameworks */,
				DC5564FE28CB7C020093384F /* Resources */,
			);
			buildRules = (
			);
			dependencies = (
			);
			name = "PDF Test";
			productName = "PDF Test";
			productReference = DC55650028CB7C020093384F /* PDF Test.app */;
			productType = "com.apple.product-type.application";
		};
		DC55651628CBBEDD0093384F /* PDF Test (macOS) */ = {
			isa = PBXNativeTarget;
			buildConfigurationList = DC55652328CBBEDD0093384F /* Build configuration list for PBXNativeTarget "PDF Test (macOS)" */;
			buildPhases = (
				DC55651328CBBEDD0093384F /* Sources */,
				DC55651428CBBEDD0093384F /* Frameworks */,
				DC55651528CBBEDD0093384F /* Resources */,
			);
			buildRules = (
			);
			dependencies = (
			);
			name = "PDF Test (macOS)";
			productName = "PDF Test (macOS)";
			productReference = DC55651728CBBEDD0093384F /* PDF Test (macOS).app */;
			productType = "com.apple.product-type.application";
		};
/* End PBXNativeTarget section */

/* Begin PBXProject section */
		DC5564F828CB7C020093384F /* Project object */ = {
			isa = PBXProject;
			attributes = {
				BuildIndependentTargetsInParallel = 1;
				LastSwiftUpdateCheck = 1340;
				LastUpgradeCheck = 1340;
				TargetAttributes = {
					DC5564FF28CB7C020093384F = {
						CreatedOnToolsVersion = 13.4.1;
					};
					DC55651628CBBEDD0093384F = {
						CreatedOnToolsVersion = 13.4.1;
					};
				};
			};
			buildConfigurationList = DC5564FB28CB7C020093384F /* Build configuration list for PBXProject "PDF Test" */;
			compatibilityVersion = "Xcode 13.0";
			developmentRegion = en;
			hasScannedForEncodings = 0;
			knownRegions = (
				en,
				Base,
			);
			mainGroup = DC5564F728CB7C020093384F;
			productRefGroup = DC55650128CB7C020093384F /* Products */;
			projectDirPath = "";
			projectRoot = "";
			targets = (
				DC5564FF28CB7C020093384F /* PDF Test */,
				DC55651628CBBEDD0093384F /* PDF Test (macOS) */,
			);
		};
/* End PBXProject section */

/* Begin PBXResourcesBuildPhase section */
		DC5564FE28CB7C020093384F /* Resources */ = {
			isa = PBXResourcesBuildPhase;
			buildActionMask = 2147483647;
			files = (
				DC55650B28CB7C040093384F /* Preview Assets.xcassets in Resources */,
				DC55650828CB7C040093384F /* Assets.xcassets in Resources */,
			);
			runOnlyForDeploymentPostprocessing = 0;
		};
		DC55651528CBBEDD0093384F /* Resources */ = {
			isa = PBXResourcesBuildPhase;
			buildActionMask = 2147483647;
			files = (
				DC55652128CBBEDD0093384F /* Preview Assets.xcassets in Resources */,
				DC55651E28CBBEDD0093384F /* Assets.xcassets in Resources */,
			);
			runOnlyForDeploymentPostprocessing = 0;
		};
/* End PBXResourcesBuildPhase section */

/* Begin PBXSourcesBuildPhase section */
		DC5564FC28CB7C020093384F /* Sources */ = {
			isa = PBXSourcesBuildPhase;
			buildActionMask = 2147483647;
			files = (
				DC55650628CB7C020093384F /* ContentView.swift in Sources */,
				DC55651228CB7C440093384F /* Renderer.swift in Sources */,
				DC55650428CB7C020093384F /* PDF_TestApp.swift in Sources */,
			);
			runOnlyForDeploymentPostprocessing = 0;
		};
		DC55651328CBBEDD0093384F /* Sources */ = {
			isa = PBXSourcesBuildPhase;
			buildActionMask = 2147483647;
			files = (
				DC55652728CBBF020093384F /* ContentView.swift in Sources */,
				DC55652828CBBF050093384F /* Renderer.swift in Sources */,
				DC55651A28CBBEDD0093384F /* PDF_Test__macOS_App.swift in Sources */,
			);
			runOnlyForDeploymentPostprocessing = 0;
		};
/* End PBXSourcesBuildPhase section */

/* Begin XCBuildConfiguration section */
		DC55650C28CB7C040093384F /* Debug */ = {
			isa = XCBuildConfiguration;
			buildSettings = {
				ALWAYS_SEARCH_USER_PATHS = NO;
				CLANG_ANALYZER_NONNULL = YES;
				CLANG_ANALYZER_NUMBER_OBJECT_CONVERSION = YES_AGGRESSIVE;
				CLANG_CXX_LANGUAGE_STANDARD = "gnu++17";
				CLANG_ENABLE_MODULES = YES;
				CLANG_ENABLE_OBJC_ARC = YES;
				CLANG_ENABLE_OBJC_WEAK = YES;
				CLANG_WARN_BLOCK_CAPTURE_AUTORELEASING = YES;
				CLANG_WARN_BOOL_CONVERSION = YES;
				CLANG_WARN_COMMA = YES;
				CLANG_WARN_CONSTANT_CONVERSION = YES;
				CLANG_WARN_DEPRECATED_OBJC_IMPLEMENTATIONS = YES;
				CLANG_WARN_DIRECT_OBJC_ISA_USAGE = YES_ERROR;
				CLANG_WARN_DOCUMENTATION_COMMENTS = YES;
				CLANG_WARN_EMPTY_BODY = YES;
				CLANG_WARN_ENUM_CONVERSION = YES;
				CLANG_WARN_INFINITE_RECURSION = YES;
				CLANG_WARN_INT_CONVERSION = YES;
				CLANG_WARN_NON_LITERAL_NULL_CONVERSION = YES;
				CLANG_WARN_OBJC_IMPLICIT_RETAIN_SELF = YES;
				CLANG_WARN_OBJC_LITERAL_CONVERSION = YES;
				CLANG_WARN_OBJC_ROOT_CLASS = YES_ERROR;
				CLANG_WARN_QUOTED_INCLUDE_IN_FRAMEWORK_HEADER = YES;
				CLANG_WARN_RANGE_LOOP_ANALYSIS = YES;
				CLANG_WARN_STRICT_PROTOTYPES = YES;
				CLANG_WARN_SUSPICIOUS_MOVE = YES;
				CLANG_WARN_UNGUARDED_AVAILABILITY = YES_AGGRESSIVE;
				CLANG_WARN_UNREACHABLE_CODE = YES;
				CLANG_WARN__DUPLICATE_METHOD_MATCH = YES;
				COPY_PHASE_STRIP = NO;
				DEBUG_INFORMATION_FORMAT = dwarf;
				ENABLE_STRICT_OBJC_MSGSEND = YES;
				ENABLE_TESTABILITY = YES;
				GCC_C_LANGUAGE_STANDARD = gnu11;
				GCC_DYNAMIC_NO_PIC = NO;
				GCC_NO_COMMON_BLOCKS = YES;
				GCC_OPTIMIZATION_LEVEL = 0;
				GCC_PREPROCESSOR_DEFINITIONS = (
					"DEBUG=1",
					"$(inherited)",
				);
				GCC_WARN_64_TO_32_BIT_CONVERSION = YES;
				GCC_WARN_ABOUT_RETURN_TYPE = YES_ERROR;
				GCC_WARN_UNDECLARED_SELECTOR = YES;
				GCC_WARN_UNINITIALIZED_AUTOS = YES_AGGRESSIVE;
				GCC_WARN_UNUSED_FUNCTION = YES;
				GCC_WARN_UNUSED_VARIABLE = YES;
				IPHONEOS_DEPLOYMENT_TARGET = 15.5;
				MTL_ENABLE_DEBUG_INFO = INCLUDE_SOURCE;
				MTL_FAST_MATH = YES;
				ONLY_ACTIVE_ARCH = YES;
				SDKROOT = iphoneos;
				SWIFT_ACTIVE_COMPILATION_CONDITIONS = DEBUG;
				SWIFT_OPTIMIZATION_LEVEL = "-Onone";
			};
			name = Debug;
		};
		DC55650D28CB7C040093384F /* Release */ = {
			isa = XCBuildConfiguration;
			buildSettings = {
				ALWAYS_SEARCH_USER_PATHS = NO;
				CLANG_ANALYZER_NONNULL = YES;
				CLANG_ANALYZER_NUMBER_OBJECT_CONVERSION = YES_AGGRESSIVE;
				CLANG_CXX_LANGUAGE_STANDARD = "gnu++17";
				CLANG_ENABLE_MODULES = YES;
				CLANG_ENABLE_OBJC_ARC = YES;
				CLANG_ENABLE_OBJC_WEAK = YES;
				CLANG_WARN_BLOCK_CAPTURE_AUTORELEASING = YES;
				CLANG_WARN_BOOL_CONVERSION = YES;
				CLANG_WARN_COMMA = YES;
				CLANG_WARN_CONSTANT_CONVERSION = YES;
				CLANG_WARN_DEPRECATED_OBJC_IMPLEMENTATIONS = YES;
				CLANG_WARN_DIRECT_OBJC_ISA_USAGE = YES_ERROR;
				CLANG_WARN_DOCUMENTATION_COMMENTS = YES;
				CLANG_WARN_EMPTY_BODY = YES;
				CLANG_WARN_ENUM_CONVERSION = YES;
				CLANG_WARN_INFINITE_RECURSION = YES;
				CLANG_WARN_INT_CONVERSION = YES;
				CLANG_WARN_NON_LITERAL_NULL_CONVERSION = YES;
				CLANG_WARN_OBJC_IMPLICIT_RETAIN_SELF = YES;
				CLANG_WARN_OBJC_LITERAL_CONVERSION = YES;
				CLANG_WARN_OBJC_ROOT_CLASS = YES_ERROR;
				CLANG_WARN_QUOTED_INCLUDE_IN_FRAMEWORK_HEADER = YES;
				CLANG_WARN_RANGE_LOOP_ANALYSIS = YES;
				CLANG_WARN_STRICT_PROTOTYPES = YES;
				CLANG_WARN_SUSPICIOUS_MOVE = YES;
				CLANG_WARN_UNGUARDED_AVAILABILITY = YES_AGGRESSIVE;
				CLANG_WARN_UNREACHABLE_CODE = YES;
				CLANG_WARN__DUPLICATE_METHOD_MATCH = YES;
				COPY_PHASE_STRIP = NO;
				DEBUG_INFORMATION_FORMAT = "dwarf-with-dsym";
				ENABLE_NS_ASSERTIONS = NO;
				ENABLE_STRICT_OBJC_MSGSEND = YES;
				GCC_C_LANGUAGE_STANDARD = gnu11;
				GCC_NO_COMMON_BLOCKS = YES;
				GCC_WARN_64_TO_32_BIT_CONVERSION = YES;
				GCC_WARN_ABOUT_RETURN_TYPE = YES_ERROR;
				GCC_WARN_UNDECLARED_SELECTOR = YES;
				GCC_WARN_UNINITIALIZED_AUTOS = YES_AGGRESSIVE;
				GCC_WARN_UNUSED_FUNCTION = YES;
				GCC_WARN_UNUSED_VARIABLE = YES;
				IPHONEOS_DEPLOYMENT_TARGET = 15.5;
				MTL_ENABLE_DEBUG_INFO = NO;
				MTL_FAST_MATH = YES;
				SDKROOT = iphoneos;
				SWIFT_COMPILATION_MODE = wholemodule;
				SWIFT_OPTIMIZATION_LEVEL = "-O";
				VALIDATE_PRODUCT = YES;
			};
			name = Release;
		};
		DC55650F28CB7C040093384F /* Debug */ = {
			isa = XCBuildConfiguration;
			buildSettings = {
				ASSETCATALOG_COMPILER_APPICON_NAME = AppIcon;
				ASSETCATALOG_COMPILER_GLOBAL_ACCENT_COLOR_NAME = AccentColor;
				CODE_SIGN_STYLE = Automatic;
				CURRENT_PROJECT_VERSION = 1;
				DEVELOPMENT_ASSET_PATHS = "\"PDF Test/Preview Content\"";
				DEVELOPMENT_TEAM = GE3GZ86XX9;
				ENABLE_PREVIEWS = YES;
				GENERATE_INFOPLIST_FILE = YES;
				INFOPLIST_KEY_UIApplicationSceneManifest_Generation = YES;
				INFOPLIST_KEY_UIApplicationSupportsIndirectInputEvents = YES;
				INFOPLIST_KEY_UILaunchScreen_Generation = YES;
				INFOPLIST_KEY_UISupportedInterfaceOrientations_iPad = "UIInterfaceOrientationPortrait UIInterfaceOrientationPortraitUpsideDown UIInterfaceOrientationLandscapeLeft UIInterfaceOrientationLandscapeRight";
				INFOPLIST_KEY_UISupportedInterfaceOrientations_iPhone = "UIInterfaceOrientationPortrait UIInterfaceOrientationLandscapeLeft UIInterfaceOrientationLandscapeRight";
				LD_RUNPATH_SEARCH_PATHS = (
					"$(inherited)",
					"@executable_path/Frameworks",
				);
				MARKETING_VERSION = 1.0;
				PRODUCT_BUNDLE_IDENTIFIER = "us.gerstacker.PDF-Test";
				PRODUCT_NAME = "$(TARGET_NAME)";
				SWIFT_EMIT_LOC_STRINGS = YES;
				SWIFT_VERSION = 5.0;
				TARGETED_DEVICE_FAMILY = "1,2";
			};
			name = Debug;
		};
		DC55651028CB7C040093384F /* Release */ = {
			isa = XCBuildConfiguration;
			buildSettings = {
				ASSETCATALOG_COMPILER_APPICON_NAME = AppIcon;
				ASSETCATALOG_COMPILER_GLOBAL_ACCENT_COLOR_NAME = AccentColor;
				CODE_SIGN_STYLE = Automatic;
				CURRENT_PROJECT_VERSION = 1;
				DEVELOPMENT_ASSET_PATHS = "\"PDF Test/Preview Content\"";
				DEVELOPMENT_TEAM = GE3GZ86XX9;
				ENABLE_PREVIEWS = YES;
				GENERATE_INFOPLIST_FILE = YES;
				INFOPLIST_KEY_UIApplicationSceneManifest_Generation = YES;
				INFOPLIST_KEY_UIApplicationSupportsIndirectInputEvents = YES;
				INFOPLIST_KEY_UILaunchScreen_Generation = YES;
				INFOPLIST_KEY_UISupportedInterfaceOrientations_iPad = "UIInterfaceOrientationPortrait UIInterfaceOrientationPortraitUpsideDown UIInterfaceOrientationLandscapeLeft UIInterfaceOrientationLandscapeRight";
				INFOPLIST_KEY_UISupportedInterfaceOrientations_iPhone = "UIInterfaceOrientationPortrait UIInterfaceOrientationLandscapeLeft UIInterfaceOrientationLandscapeRight";
				LD_RUNPATH_SEARCH_PATHS = (
					"$(inherited)",
					"@executable_path/Frameworks",
				);
				MARKETING_VERSION = 1.0;
				PRODUCT_BUNDLE_IDENTIFIER = "us.gerstacker.PDF-Test";
				PRODUCT_NAME = "$(TARGET_NAME)";
				SWIFT_EMIT_LOC_STRINGS = YES;
				SWIFT_VERSION = 5.0;
				TARGETED_DEVICE_FAMILY = "1,2";
			};
			name = Release;
		};
		DC55652428CBBEDD0093384F /* Debug */ = {
			isa = XCBuildConfiguration;
			buildSettings = {
				ASSETCATALOG_COMPILER_APPICON_NAME = AppIcon;
				ASSETCATALOG_COMPILER_GLOBAL_ACCENT_COLOR_NAME = AccentColor;
				CODE_SIGN_ENTITLEMENTS = "PDF Test (macOS)/PDF_Test__macOS_.entitlements";
				CODE_SIGN_STYLE = Automatic;
				COMBINE_HIDPI_IMAGES = YES;
				CURRENT_PROJECT_VERSION = 1;
				DEVELOPMENT_ASSET_PATHS = "\"PDF Test (macOS)/Preview Content\"";
				DEVELOPMENT_TEAM = GE3GZ86XX9;
				ENABLE_HARDENED_RUNTIME = YES;
				ENABLE_PREVIEWS = YES;
				GENERATE_INFOPLIST_FILE = YES;
				INFOPLIST_KEY_NSHumanReadableCopyright = "";
				LD_RUNPATH_SEARCH_PATHS = (
					"$(inherited)",
					"@executable_path/../Frameworks",
				);
				MACOSX_DEPLOYMENT_TARGET = 12.3;
				MARKETING_VERSION = 1.0;
				PRODUCT_BUNDLE_IDENTIFIER = "us.gerstacker.PDF-Test--macOS-";
				PRODUCT_NAME = "$(TARGET_NAME)";
				SDKROOT = macosx;
				SWIFT_EMIT_LOC_STRINGS = YES;
				SWIFT_VERSION = 5.0;
			};
			name = Debug;
		};
		DC55652528CBBEDD0093384F /* Release */ = {
			isa = XCBuildConfiguration;
			buildSettings = {
				ASSETCATALOG_COMPILER_APPICON_NAME = AppIcon;
				ASSETCATALOG_COMPILER_GLOBAL_ACCENT_COLOR_NAME = AccentColor;
				CODE_SIGN_ENTITLEMENTS = "PDF Test (macOS)/PDF_Test__macOS_.entitlements";
				CODE_SIGN_STYLE = Automatic;
				COMBINE_HIDPI_IMAGES = YES;
				CURRENT_PROJECT_VERSION = 1;
				DEVELOPMENT_ASSET_PATHS = "\"PDF Test (macOS)/Preview Content\"";
				DEVELOPMENT_TEAM = GE3GZ86XX9;
				ENABLE_HARDENED_RUNTIME = YES;
				ENABLE_PREVIEWS = YES;
				GENERATE_INFOPLIST_FILE = YES;
				INFOPLIST_KEY_NSHumanReadableCopyright = "";
				LD_RUNPATH_SEARCH_PATHS = (
					"$(inherited)",
					"@executable_path/../Frameworks",
				);
				MACOSX_DEPLOYMENT_TARGET = 12.3;
				MARKETING_VERSION = 1.0;
				PRODUCT_BUNDLE_IDENTIFIER = "us.gerstacker.PDF-Test--macOS-";
				PRODUCT_NAME = "$(TARGET_NAME)";
				SDKROOT = macosx;
				SWIFT_EMIT_LOC_STRINGS = YES;
				SWIFT_VERSION = 5.0;
			};
			name = Release;
		};
/* End XCBuildConfiguration section */

/* Begin XCConfigurationList section */
		DC5564FB28CB7C020093384F /* Build configuration list for PBXProject "PDF Test" */ = {
			isa = XCConfigurationList;
			buildConfigurations = (
				DC55650C28CB7C040093384F /* Debug */,
				DC55650D28CB7C040093384F /* Release */,
			);
			defaultConfigurationIsVisible = 0;
			defaultConfigurationName = Release;
		};
		DC55650E28CB7C040093384F /* Build configuration list for PBXNativeTarget "PDF Test" */ = {
			isa = XCConfigurationList;
			buildConfigurations = (
				DC55650F28CB7C040093384F /* Debug */,
				DC55651028CB7C040093384F /* Release */,
			);
			defaultConfigurationIsVisible = 0;
			defaultConfigurationName = Release;
		};
		DC55652328CBBEDD0093384F /* Build configuration list for PBXNativeTarget "PDF Test (macOS)" */ = {
			isa = XCConfigurationList;
			buildConfigurations = (
				DC55652428CBBEDD0093384F /* Debug */,
				DC55652528CBBEDD0093384F /* Release */,
			);
			defaultConfigurationIsVisible = 0;
			defaultConfigurationName = Release;
		};
/* End XCConfigurationList section */
	};
	rootObject = DC5564F828CB7C020093384F /* Project object */;
}
